
Microsoft Visual Studio Solution File, Format Version 12.00
# Visual Studio Version 17
VisualStudioVersion = 17.5.33502.453
MinimumVisualStudioVersion = 10.0.40219.1
Project("{FAE04EC0-301F-11D3-BF4B-00C04F79EFBC}") = "NorthwindBackend.EntityLayer", "NorthwindBackend.EntityLayer\NorthwindBackend.EntityLayer.csproj", "{F7325B3D-EFA0-4143-AAAB-3D3DAC61D43F}"
EndProject
Project("{FAE04EC0-301F-11D3-BF4B-00C04F79EFBC}") = "NorthwindBackend.DataAccessLayer", "NorthwindBackend.DataAccessLayer\NorthwindBackend.DataAccessLayer.csproj", "{72DB723A-9B10-4597-9681-0EEBBF282F6C}"
EndProject
Project("{FAE04EC0-301F-11D3-BF4B-00C04F79EFBC}") = "NorthwindBackend.CoreLayer", "NorthwindBackend.CoreLayer\NorthwindBackend.CoreLayer.csproj", "{81CE49B6-F0AF-4BE9-911F-3A4105195266}"
EndProject
Project("{FAE04EC0-301F-11D3-BF4B-00C04F79EFBC}") = "NorthwindBackend.BusinessLayer", "NorthwindBackend.BusinessLayer\NorthwindBackend.BusinessLayer.csproj", "{EFC16EBF-E1DA-4C57-B9A9-71CB7B4E7A75}"
EndProject
Project("{FAE04EC0-301F-11D3-BF4B-00C04F79EFBC}") = "NorthwindBackend.PresentationLayer", "NorthwindBackend.PresentationLayer\NorthwindBackend.PresentationLayer.csproj", "{7A3406B3-7E00-4ABE-9A32-A46FCC5534B3}"
EndProject
Global
	GlobalSection(SolutionConfigurationPlatforms) = preSolution
		Debug|Any CPU = Debug|Any CPU
		Release|Any CPU = Release|Any CPU
	EndGlobalSection
	GlobalSection(ProjectConfigurationPlatforms) = postSolution
		{F7325B3D-EFA0-4143-AAAB-3D3DAC61D43F}.Debug|Any CPU.ActiveCfg = Debug|Any CPU
		{F7325B3D-EFA0-4143-AAAB-3D3DAC61D43F}.Debug|Any CPU.Build.0 = Debug|Any CPU
		{F7325B3D-EFA0-4143-AAAB-3D3DAC61D43F}.Release|Any CPU.ActiveCfg = Release|Any CPU
		{F7325B3D-EFA0-4143-AAAB-3D3DAC61D43F}.Release|Any CPU.Build.0 = Release|Any CPU
		{72DB723A-9B10-4597-9681-0EEBBF282F6C}.Debug|Any CPU.ActiveCfg = Debug|Any CPU
		{72DB723A-9B10-4597-9681-0EEBBF282F6C}.Debug|Any CPU.Build.0 = Debug|Any CPU
		{72DB723A-9B10-4597-9681-0EEBBF282F6C}.Release|Any CPU.ActiveCfg = Release|Any CPU
		{72DB723A-9B10-4597-9681-0EEBBF282F6C}.Release|Any CPU.Build.0 = Release|Any CPU
		{81CE49B6-F0AF-4BE9-911F-3A4105195266}.Debug|Any CPU.ActiveCfg = Debug|Any CPU
		{81CE49B6-F0AF-4BE9-911F-3A4105195266}.Debug|Any CPU.Build.0 = Debug|Any CPU
		{81CE49B6-F0AF-4BE9-911F-3A4105195266}.Release|Any CPU.ActiveCfg = Release|Any CPU
		{81CE49B6-F0AF-4BE9-911F-3A4105195266}.Release|Any CPU.Build.0 = Release|Any CPU
		{EFC16EBF-E1DA-4C57-B9A9-71CB7B4E7A75}.Debug|Any CPU.ActiveCfg = Debug|Any CPU
		{EFC16EBF-E1DA-4C57-B9A9-71CB7B4E7A75}.Debug|Any CPU.Build.0 = Debug|Any CPU
		{EFC16EBF-E1DA-4C57-B9A9-71CB7B4E7A75}.Release|Any CPU.ActiveCfg = Release|Any CPU
		{EFC16EBF-E1DA-4C57-B9A9-71CB7B4E7A75}.Release|Any CPU.Build.0 = Release|Any CPU
		{7A3406B3-7E00-4ABE-9A32-A46FCC5534B3}.Debug|Any CPU.ActiveCfg = Debug|Any CPU
		{7A3406B3-7E00-4ABE-9A32-A46FCC5534B3}.Debug|Any CPU.Build.0 = Debug|Any CPU
		{7A3406B3-7E00-4ABE-9A32-A46FCC5534B3}.Release|Any CPU.ActiveCfg = Release|Any CPU
		{7A3406B3-7E00-4ABE-9A32-A46FCC5534B3}.Release|Any CPU.Build.0 = Release|Any CPU
	EndGlobalSection
	GlobalSection(SolutionProperties) = preSolution
		HideSolutionNode = FALSE
	EndGlobalSection
	GlobalSection(ExtensibilityGlobals) = postSolution
		SolutionGuid = {E0E17E5F-D352-42D2-8651-E42EACBF27D7}
	EndGlobalSection
EndGlobal
